// !$*UTF8*$!
{
	archiveVersion = 1;
	classes = {
	};
	objectVersion = 48;
	objects = {

/* Begin PBXBuildFile section */
		813B26161FD1E97A009EC5A8 /* AppDelegate.swift in Sources */ = {isa = PBXBuildFile; fileRef = 813B26151FD1E97A009EC5A8 /* AppDelegate.swift */; };
		813B26181FD1E97A009EC5A8 /* CharacterViewController.swift in Sources */ = {isa = PBXBuildFile; fileRef = 813B26171FD1E97A009EC5A8 /* CharacterViewController.swift */; };
		813B261B1FD1E97A009EC5A8 /* Main.storyboard in Resources */ = {isa = PBXBuildFile; fileRef = 813B26191FD1E97A009EC5A8 /* Main.storyboard */; };
		813B261D1FD1E97A009EC5A8 /* Assets.xcassets in Resources */ = {isa = PBXBuildFile; fileRef = 813B261C1FD1E97A009EC5A8 /* Assets.xcassets */; };
		813B26201FD1E97A009EC5A8 /* LaunchScreen.storyboard in Resources */ = {isa = PBXBuildFile; fileRef = 813B261E1FD1E97A009EC5A8 /* LaunchScreen.storyboard */; };
		813B262B1FD1E97A009EC5A8 /* NetworkReviewExercisesTests.swift in Sources */ = {isa = PBXBuildFile; fileRef = 813B262A1FD1E97A009EC5A8 /* NetworkReviewExercisesTests.swift */; };
		813B26361FD1E97A009EC5A8 /* NetworkReviewExercisesUITests.swift in Sources */ = {isa = PBXBuildFile; fileRef = 813B26351FD1E97A009EC5A8 /* NetworkReviewExercisesUITests.swift */; };
		813B26451FD1F5EB009EC5A8 /* Character.swift in Sources */ = {isa = PBXBuildFile; fileRef = 813B26441FD1F5EB009EC5A8 /* Character.swift */; };
		813B26471FD1F66D009EC5A8 /* NetworkHelper.swift in Sources */ = {isa = PBXBuildFile; fileRef = 813B26461FD1F66D009EC5A8 /* NetworkHelper.swift */; };
		813B26491FD1FFC5009EC5A8 /* CharacterAPIClient.swift in Sources */ = {isa = PBXBuildFile; fileRef = 813B26481FD1FFC5009EC5A8 /* CharacterAPIClient.swift */; };
		813B264C1FD23410009EC5A8 /* CharacterDetailViewController.swift in Sources */ = {isa = PBXBuildFile; fileRef = 813B264B1FD23410009EC5A8 /* CharacterDetailViewController.swift */; };
/* End PBXBuildFile section */

/* Begin PBXContainerItemProxy section */
		813B26271FD1E97A009EC5A8 /* PBXContainerItemProxy */ = {
			isa = PBXContainerItemProxy;
			containerPortal = 813B260A1FD1E97A009EC5A8 /* Project object */;
			proxyType = 1;
			remoteGlobalIDString = 813B26111FD1E97A009EC5A8;
			remoteInfo = NetworkReviewExercises;
		};
		813B26321FD1E97A009EC5A8 /* PBXContainerItemProxy */ = {
			isa = PBXContainerItemProxy;
			containerPortal = 813B260A1FD1E97A009EC5A8 /* Project object */;
			proxyType = 1;
			remoteGlobalIDString = 813B26111FD1E97A009EC5A8;
			remoteInfo = NetworkReviewExercises;
		};
/* End PBXContainerItemProxy section */

/* Begin PBXFileReference section */
		813B26121FD1E97A009EC5A8 /* NetworkReviewExercises.app */ = {isa = PBXFileReference; explicitFileType = wrapper.application; includeInIndex = 0; path = NetworkReviewExercises.app; sourceTree = BUILT_PRODUCTS_DIR; };
		813B26151FD1E97A009EC5A8 /* AppDelegate.swift */ = {isa = PBXFileReference; lastKnownFileType = sourcecode.swift; path = AppDelegate.swift; sourceTree = "<group>"; };
		813B26171FD1E97A009EC5A8 /* CharacterViewController.swift */ = {isa = PBXFileReference; lastKnownFileType = sourcecode.swift; path = CharacterViewController.swift; sourceTree = "<group>"; };
		813B261A1FD1E97A009EC5A8 /* Base */ = {isa = PBXFileReference; lastKnownFileType = file.storyboard; name = Base; path = Base.lproj/Main.storyboard; sourceTree = "<group>"; };
		813B261C1FD1E97A009EC5A8 /* Assets.xcassets */ = {isa = PBXFileReference; lastKnownFileType = folder.assetcatalog; path = Assets.xcassets; sourceTree = "<group>"; };
		813B261F1FD1E97A009EC5A8 /* Base */ = {isa = PBXFileReference; lastKnownFileType = file.storyboard; name = Base; path = Base.lproj/LaunchScreen.storyboard; sourceTree = "<group>"; };
		813B26211FD1E97A009EC5A8 /* Info.plist */ = {isa = PBXFileReference; lastKnownFileType = text.plist.xml; path = Info.plist; sourceTree = "<group>"; };
		813B26261FD1E97A009EC5A8 /* NetworkReviewExercisesTests.xctest */ = {isa = PBXFileReference; explicitFileType = wrapper.cfbundle; includeInIndex = 0; path = NetworkReviewExercisesTests.xctest; sourceTree = BUILT_PRODUCTS_DIR; };
		813B262A1FD1E97A009EC5A8 /* NetworkReviewExercisesTests.swift */ = {isa = PBXFileReference; lastKnownFileType = sourcecode.swift; path = NetworkReviewExercisesTests.swift; sourceTree = "<group>"; };
		813B262C1FD1E97A009EC5A8 /* Info.plist */ = {isa = PBXFileReference; lastKnownFileType = text.plist.xml; path = Info.plist; sourceTree = "<group>"; };
		813B26311FD1E97A009EC5A8 /* NetworkReviewExercisesUITests.xctest */ = {isa = PBXFileReference; explicitFileType = wrapper.cfbundle; includeInIndex = 0; path = NetworkReviewExercisesUITests.xctest; sourceTree = BUILT_PRODUCTS_DIR; };
		813B26351FD1E97A009EC5A8 /* NetworkReviewExercisesUITests.swift */ = {isa = PBXFileReference; lastKnownFileType = sourcecode.swift; path = NetworkReviewExercisesUITests.swift; sourceTree = "<group>"; };
		813B26371FD1E97A009EC5A8 /* Info.plist */ = {isa = PBXFileReference; lastKnownFileType = text.plist.xml; path = Info.plist; sourceTree = "<group>"; };
		813B26441FD1F5EB009EC5A8 /* Character.swift */ = {isa = PBXFileReference; lastKnownFileType = sourcecode.swift; path = Character.swift; sourceTree = "<group>"; };
		813B26461FD1F66D009EC5A8 /* NetworkHelper.swift */ = {isa = PBXFileReference; lastKnownFileType = sourcecode.swift; path = NetworkHelper.swift; sourceTree = "<group>"; };
		813B26481FD1FFC5009EC5A8 /* CharacterAPIClient.swift */ = {isa = PBXFileReference; lastKnownFileType = sourcecode.swift; path = CharacterAPIClient.swift; sourceTree = "<group>"; };
		813B264B1FD23410009EC5A8 /* CharacterDetailViewController.swift */ = {isa = PBXFileReference; lastKnownFileType = sourcecode.swift; path = CharacterDetailViewController.swift; sourceTree = "<group>"; };
/* End PBXFileReference section */

/* Begin PBXFrameworksBuildPhase section */
		813B260F1FD1E97A009EC5A8 /* Frameworks */ = {
			isa = PBXFrameworksBuildPhase;
			buildActionMask = 2147483647;
			files = (
			);
			runOnlyForDeploymentPostprocessing = 0;
		};
		813B26231FD1E97A009EC5A8 /* Frameworks */ = {
			isa = PBXFrameworksBuildPhase;
			buildActionMask = 2147483647;
			files = (
			);
			runOnlyForDeploymentPostprocessing = 0;
		};
		813B262E1FD1E97A009EC5A8 /* Frameworks */ = {
			isa = PBXFrameworksBuildPhase;
			buildActionMask = 2147483647;
			files = (
			);
			runOnlyForDeploymentPostprocessing = 0;
		};
/* End PBXFrameworksBuildPhase section */

/* Begin PBXGroup section */
		813B26091FD1E97A009EC5A8 = {
			isa = PBXGroup;
			children = (
				813B26141FD1E97A009EC5A8 /* NetworkReviewExercises */,
				813B26291FD1E97A009EC5A8 /* NetworkReviewExercisesTests */,
				813B26341FD1E97A009EC5A8 /* NetworkReviewExercisesUITests */,
				813B26131FD1E97A009EC5A8 /* Products */,
			);
			sourceTree = "<group>";
		};
		813B26131FD1E97A009EC5A8 /* Products */ = {
			isa = PBXGroup;
			children = (
				813B26121FD1E97A009EC5A8 /* NetworkReviewExercises.app */,
				813B26261FD1E97A009EC5A8 /* NetworkReviewExercisesTests.xctest */,
				813B26311FD1E97A009EC5A8 /* NetworkReviewExercisesUITests.xctest */,
			);
			name = Products;
			sourceTree = "<group>";
		};
		813B26141FD1E97A009EC5A8 /* NetworkReviewExercises */ = {
			isa = PBXGroup;
			children = (
				813B26431FD1ECD1009EC5A8 /* Supporting Files */,
				813B264A1FD1FFCA009EC5A8 /* Models */,
				813B264D1FD23424009EC5A8 /* ViewControllers */,
				813B26191FD1E97A009EC5A8 /* Main.storyboard */,
				813B26211FD1E97A009EC5A8 /* Info.plist */,
			);
			path = NetworkReviewExercises;
			sourceTree = "<group>";
		};
		813B26291FD1E97A009EC5A8 /* NetworkReviewExercisesTests */ = {
			isa = PBXGroup;
			children = (
				813B262A1FD1E97A009EC5A8 /* NetworkReviewExercisesTests.swift */,
				813B262C1FD1E97A009EC5A8 /* Info.plist */,
			);
			path = NetworkReviewExercisesTests;
			sourceTree = "<group>";
		};
		813B26341FD1E97A009EC5A8 /* NetworkReviewExercisesUITests */ = {
			isa = PBXGroup;
			children = (
				813B26351FD1E97A009EC5A8 /* NetworkReviewExercisesUITests.swift */,
				813B26371FD1E97A009EC5A8 /* Info.plist */,
			);
			path = NetworkReviewExercisesUITests;
			sourceTree = "<group>";
		};
		813B26431FD1ECD1009EC5A8 /* Supporting Files */ = {
			isa = PBXGroup;
			children = (
				813B26151FD1E97A009EC5A8 /* AppDelegate.swift */,
				813B261C1FD1E97A009EC5A8 /* Assets.xcassets */,
				813B261E1FD1E97A009EC5A8 /* LaunchScreen.storyboard */,
			);
			path = "Supporting Files";
			sourceTree = "<group>";
		};
		813B264A1FD1FFCA009EC5A8 /* Models */ = {
			isa = PBXGroup;
			children = (
				813B26461FD1F66D009EC5A8 /* NetworkHelper.swift */,
				813B26481FD1FFC5009EC5A8 /* CharacterAPIClient.swift */,
				813B26441FD1F5EB009EC5A8 /* Character.swift */,
			);
			path = Models;
			sourceTree = "<group>";
		};
		813B264D1FD23424009EC5A8 /* ViewControllers */ = {
			isa = PBXGroup;
			children = (
				813B26171FD1E97A009EC5A8 /* CharacterViewController.swift */,
				813B264B1FD23410009EC5A8 /* CharacterDetailViewController.swift */,
			);
			path = ViewControllers;
			sourceTree = "<group>";
		};
/* End PBXGroup section */

/* Begin PBXNativeTarget section */
		813B26111FD1E97A009EC5A8 /* NetworkReviewExercises */ = {
			isa = PBXNativeTarget;
			buildConfigurationList = 813B263A1FD1E97A009EC5A8 /* Build configuration list for PBXNativeTarget "NetworkReviewExercises" */;
			buildPhases = (
				813B260E1FD1E97A009EC5A8 /* Sources */,
				813B260F1FD1E97A009EC5A8 /* Frameworks */,
				813B26101FD1E97A009EC5A8 /* Resources */,
			);
			buildRules = (
			);
			dependencies = (
			);
			name = NetworkReviewExercises;
			productName = NetworkReviewExercises;
			productReference = 813B26121FD1E97A009EC5A8 /* NetworkReviewExercises.app */;
			productType = "com.apple.product-type.application";
		};
		813B26251FD1E97A009EC5A8 /* NetworkReviewExercisesTests */ = {
			isa = PBXNativeTarget;
			buildConfigurationList = 813B263D1FD1E97A009EC5A8 /* Build configuration list for PBXNativeTarget "NetworkReviewExercisesTests" */;
			buildPhases = (
				813B26221FD1E97A009EC5A8 /* Sources */,
				813B26231FD1E97A009EC5A8 /* Frameworks */,
				813B26241FD1E97A009EC5A8 /* Resources */,
			);
			buildRules = (
			);
			dependencies = (
				813B26281FD1E97A009EC5A8 /* PBXTargetDependency */,
			);
			name = NetworkReviewExercisesTests;
			productName = NetworkReviewExercisesTests;
			productReference = 813B26261FD1E97A009EC5A8 /* NetworkReviewExercisesTests.xctest */;
			productType = "com.apple.product-type.bundle.unit-test";
		};
		813B26301FD1E97A009EC5A8 /* NetworkReviewExercisesUITests */ = {
			isa = PBXNativeTarget;
			buildConfigurationList = 813B26401FD1E97A009EC5A8 /* Build configuration list for PBXNativeTarget "NetworkReviewExercisesUITests" */;
			buildPhases = (
				813B262D1FD1E97A009EC5A8 /* Sources */,
				813B262E1FD1E97A009EC5A8 /* Frameworks */,
				813B262F1FD1E97A009EC5A8 /* Resources */,
			);
			buildRules = (
			);
			dependencies = (
				813B26331FD1E97A009EC5A8 /* PBXTargetDependency */,
			);
			name = NetworkReviewExercisesUITests;
			productName = NetworkReviewExercisesUITests;
			productReference = 813B26311FD1E97A009EC5A8 /* NetworkReviewExercisesUITests.xctest */;
			productType = "com.apple.product-type.bundle.ui-testing";
		};
/* End PBXNativeTarget section */

/* Begin PBXProject section */
		813B260A1FD1E97A009EC5A8 /* Project object */ = {
			isa = PBXProject;
			attributes = {
				LastSwiftUpdateCheck = 0910;
				LastUpgradeCheck = 0910;
				ORGANIZATIONNAME = C4Q;
				TargetAttributes = {
					813B26111FD1E97A009EC5A8 = {
						CreatedOnToolsVersion = 9.1;
						ProvisioningStyle = Automatic;
					};
					813B26251FD1E97A009EC5A8 = {
						CreatedOnToolsVersion = 9.1;
						ProvisioningStyle = Automatic;
						TestTargetID = 813B26111FD1E97A009EC5A8;
					};
					813B26301FD1E97A009EC5A8 = {
						CreatedOnToolsVersion = 9.1;
						ProvisioningStyle = Automatic;
						TestTargetID = 813B26111FD1E97A009EC5A8;
					};
				};
			};
			buildConfigurationList = 813B260D1FD1E97A009EC5A8 /* Build configuration list for PBXProject "NetworkReviewExercises" */;
			compatibilityVersion = "Xcode 8.0";
			developmentRegion = en;
			hasScannedForEncodings = 0;
			knownRegions = (
				en,
				Base,
			);
			mainGroup = 813B26091FD1E97A009EC5A8;
			productRefGroup = 813B26131FD1E97A009EC5A8 /* Products */;
			projectDirPath = "";
			projectRoot = "";
			targets = (
				813B26111FD1E97A009EC5A8 /* NetworkReviewExercises */,
				813B26251FD1E97A009EC5A8 /* NetworkReviewExercisesTests */,
				813B26301FD1E97A009EC5A8 /* NetworkReviewExercisesUITests */,
			);
		};
/* End PBXProject section */

/* Begin PBXResourcesBuildPhase section */
		813B26101FD1E97A009EC5A8 /* Resources */ = {
			isa = PBXResourcesBuildPhase;
			buildActionMask = 2147483647;
			files = (
				813B26201FD1E97A009EC5A8 /* LaunchScreen.storyboard in Resources */,
				813B261D1FD1E97A009EC5A8 /* Assets.xcassets in Resources */,
				813B261B1FD1E97A009EC5A8 /* Main.storyboard in Resources */,
			);
			runOnlyForDeploymentPostprocessing = 0;
		};
		813B26241FD1E97A009EC5A8 /* Resources */ = {
			isa = PBXResourcesBuildPhase;
			buildActionMask = 2147483647;
			files = (
			);
			runOnlyForDeploymentPostprocessing = 0;
		};
		813B262F1FD1E97A009EC5A8 /* Resources */ = {
			isa = PBXResourcesBuildPhase;
			buildActionMask = 2147483647;
			files = (
			);
			runOnlyForDeploymentPostprocessing = 0;
		};
/* End PBXResourcesBuildPhase section */

/* Begin PBXSourcesBuildPhase section */
		813B260E1FD1E97A009EC5A8 /* Sources */ = {
			isa = PBXSourcesBuildPhase;
			buildActionMask = 2147483647;
			files = (
				813B26471FD1F66D009EC5A8 /* NetworkHelper.swift in Sources */,
				813B264C1FD23410009EC5A8 /* CharacterDetailViewController.swift in Sources */,
				813B26451FD1F5EB009EC5A8 /* Character.swift in Sources */,
				813B26491FD1FFC5009EC5A8 /* CharacterAPIClient.swift in Sources */,
				813B26181FD1E97A009EC5A8 /* CharacterViewController.swift in Sources */,
				813B26161FD1E97A009EC5A8 /* AppDelegate.swift in Sources */,
			);
			runOnlyForDeploymentPostprocessing = 0;
		};
		813B26221FD1E97A009EC5A8 /* Sources */ = {
			isa = PBXSourcesBuildPhase;
			buildActionMask = 2147483647;
			files = (
				813B262B1FD1E97A009EC5A8 /* NetworkReviewExercisesTests.swift in Sources */,
			);
			runOnlyForDeploymentPostprocessing = 0;
		};
		813B262D1FD1E97A009EC5A8 /* Sources */ = {
			isa = PBXSourcesBuildPhase;
			buildActionMask = 2147483647;
			files = (
				813B26361FD1E97A009EC5A8 /* NetworkReviewExercisesUITests.swift in Sources */,
			);
			runOnlyForDeploymentPostprocessing = 0;
		};
/* End PBXSourcesBuildPhase section */

/* Begin PBXTargetDependency section */
		813B26281FD1E97A009EC5A8 /* PBXTargetDependency */ = {
			isa = PBXTargetDependency;
			target = 813B26111FD1E97A009EC5A8 /* NetworkReviewExercises */;
			targetProxy = 813B26271FD1E97A009EC5A8 /* PBXContainerItemProxy */;
		};
		813B26331FD1E97A009EC5A8 /* PBXTargetDependency */ = {
			isa = PBXTargetDependency;
			target = 813B26111FD1E97A009EC5A8 /* NetworkReviewExercises */;
			targetProxy = 813B26321FD1E97A009EC5A8 /* PBXContainerItemProxy */;
		};
/* End PBXTargetDependency section */

/* Begin PBXVariantGroup section */
		813B26191FD1E97A009EC5A8 /* Main.storyboard */ = {
			isa = PBXVariantGroup;
			children = (
				813B261A1FD1E97A009EC5A8 /* Base */,
			);
			name = Main.storyboard;
			sourceTree = "<group>";
		};
		813B261E1FD1E97A009EC5A8 /* LaunchScreen.storyboard */ = {
			isa = PBXVariantGroup;
			children = (
				813B261F1FD1E97A009EC5A8 /* Base */,
			);
			name = LaunchScreen.storyboard;
			sourceTree = "<group>";
		};
/* End PBXVariantGroup section */

/* Begin XCBuildConfiguration section */
		813B26381FD1E97A009EC5A8 /* Debug */ = {
			isa = XCBuildConfiguration;
			buildSettings = {
				ALWAYS_SEARCH_USER_PATHS = NO;
				CLANG_ANALYZER_NONNULL = YES;
				CLANG_ANALYZER_NUMBER_OBJECT_CONVERSION = YES_AGGRESSIVE;
				CLANG_CXX_LANGUAGE_STANDARD = "gnu++14";
				CLANG_CXX_LIBRARY = "libc++";
				CLANG_ENABLE_MODULES = YES;
				CLANG_ENABLE_OBJC_ARC = YES;
				CLANG_WARN_BLOCK_CAPTURE_AUTORELEASING = YES;
				CLANG_WARN_BOOL_CONVERSION = YES;
				CLANG_WARN_COMMA = YES;
				CLANG_WARN_CONSTANT_CONVERSION = YES;
				CLANG_WARN_DIRECT_OBJC_ISA_USAGE = YES_ERROR;
				CLANG_WARN_DOCUMENTATION_COMMENTS = YES;
				CLANG_WARN_EMPTY_BODY = YES;
				CLANG_WARN_ENUM_CONVERSION = YES;
				CLANG_WARN_INFINITE_RECURSION = YES;
				CLANG_WARN_INT_CONVERSION = YES;
				CLANG_WARN_NON_LITERAL_NULL_CONVERSION = YES;
				CLANG_WARN_OBJC_LITERAL_CONVERSION = YES;
				CLANG_WARN_OBJC_ROOT_CLASS = YES_ERROR;
				CLANG_WARN_RANGE_LOOP_ANALYSIS = YES;
				CLANG_WARN_STRICT_PROTOTYPES = YES;
				CLANG_WARN_SUSPICIOUS_MOVE = YES;
				CLANG_WARN_UNGUARDED_AVAILABILITY = YES_AGGRESSIVE;
				CLANG_WARN_UNREACHABLE_CODE = YES;
				CLANG_WARN__DUPLICATE_METHOD_MATCH = YES;
				CODE_SIGN_IDENTITY = "iPhone Developer";
				COPY_PHASE_STRIP = NO;
				DEBUG_INFORMATION_FORMAT = dwarf;
				ENABLE_STRICT_OBJC_MSGSEND = YES;
				ENABLE_TESTABILITY = YES;
				GCC_C_LANGUAGE_STANDARD = gnu11;
				GCC_DYNAMIC_NO_PIC = NO;
				GCC_NO_COMMON_BLOCKS = YES;
				GCC_OPTIMIZATION_LEVEL = 0;
				GCC_PREPROCESSOR_DEFINITIONS = (
					"DEBUG=1",
					"$(inherited)",
				);
				GCC_WARN_64_TO_32_BIT_CONVERSION = YES;
				GCC_WARN_ABOUT_RETURN_TYPE = YES_ERROR;
				GCC_WARN_UNDECLARED_SELECTOR = YES;
				GCC_WARN_UNINITIALIZED_AUTOS = YES_AGGRESSIVE;
				GCC_WARN_UNUSED_FUNCTION = YES;
				GCC_WARN_UNUSED_VARIABLE = YES;
				IPHONEOS_DEPLOYMENT_TARGET = 11.1;
				MTL_ENABLE_DEBUG_INFO = YES;
				ONLY_ACTIVE_ARCH = YES;
				SDKROOT = iphoneos;
				SWIFT_ACTIVE_COMPILATION_CONDITIONS = DEBUG;
				SWIFT_OPTIMIZATION_LEVEL = "-Onone";
			};
			name = Debug;
		};
		813B26391FD1E97A009EC5A8 /* Release */ = {
			isa = XCBuildConfiguration;
			buildSettings = {
				ALWAYS_SEARCH_USER_PATHS = NO;
				CLANG_ANALYZER_NONNULL = YES;
				CLANG_ANALYZER_NUMBER_OBJECT_CONVERSION = YES_AGGRESSIVE;
				CLANG_CXX_LANGUAGE_STANDARD = "gnu++14";
				CLANG_CXX_LIBRARY = "libc++";
				CLANG_ENABLE_MODULES = YES;
				CLANG_ENABLE_OBJC_ARC = YES;
				CLANG_WARN_BLOCK_CAPTURE_AUTORELEASING = YES;
				CLANG_WARN_BOOL_CONVERSION = YES;
				CLANG_WARN_COMMA = YES;
				CLANG_WARN_CONSTANT_CONVERSION = YES;
				CLANG_WARN_DIRECT_OBJC_ISA_USAGE = YES_ERROR;
				CLANG_WARN_DOCUMENTATION_COMMENTS = YES;
				CLANG_WARN_EMPTY_BODY = YES;
				CLANG_WARN_ENUM_CONVERSION = YES;
				CLANG_WARN_INFINITE_RECURSION = YES;
				CLANG_WARN_INT_CONVERSION = YES;
				CLANG_WARN_NON_LITERAL_NULL_CONVERSION = YES;
				CLANG_WARN_OBJC_LITERAL_CONVERSION = YES;
				CLANG_WARN_OBJC_ROOT_CLASS = YES_ERROR;
				CLANG_WARN_RANGE_LOOP_ANALYSIS = YES;
				CLANG_WARN_STRICT_PROTOTYPES = YES;
				CLANG_WARN_SUSPICIOUS_MOVE = YES;
				CLANG_WARN_UNGUARDED_AVAILABILITY = YES_AGGRESSIVE;
				CLANG_WARN_UNREACHABLE_CODE = YES;
				CLANG_WARN__DUPLICATE_METHOD_MATCH = YES;
				CODE_SIGN_IDENTITY = "iPhone Developer";
				COPY_PHASE_STRIP = NO;
				DEBUG_INFORMATION_FORMAT = "dwarf-with-dsym";
				ENABLE_NS_ASSERTIONS = NO;
				ENABLE_STRICT_OBJC_MSGSEND = YES;
				GCC_C_LANGUAGE_STANDARD = gnu11;
				GCC_NO_COMMON_BLOCKS = YES;
				GCC_WARN_64_TO_32_BIT_CONVERSION = YES;
				GCC_WARN_ABOUT_RETURN_TYPE = YES_ERROR;
				GCC_WARN_UNDECLARED_SELECTOR = YES;
				GCC_WARN_UNINITIALIZED_AUTOS = YES_AGGRESSIVE;
				GCC_WARN_UNUSED_FUNCTION = YES;
				GCC_WARN_UNUSED_VARIABLE = YES;
				IPHONEOS_DEPLOYMENT_TARGET = 11.1;
				MTL_ENABLE_DEBUG_INFO = NO;
				SDKROOT = iphoneos;
				SWIFT_OPTIMIZATION_LEVEL = "-Owholemodule";
				VALIDATE_PRODUCT = YES;
			};
			name = Release;
		};
		813B263B1FD1E97A009EC5A8 /* Debug */ = {
			isa = XCBuildConfiguration;
			buildSettings = {
				ASSETCATALOG_COMPILER_APPICON_NAME = AppIcon;
				CODE_SIGN_STYLE = Automatic;
				INFOPLIST_FILE = NetworkReviewExercises/Info.plist;
				LD_RUNPATH_SEARCH_PATHS = "$(inherited) @executable_path/Frameworks";
				PRODUCT_BUNDLE_IDENTIFIER = nyc.c4q.AC4.3.NetworkReviewExercises;
				PRODUCT_NAME = "$(TARGET_NAME)";
				SWIFT_VERSION = 4.0;
				TARGETED_DEVICE_FAMILY = "1,2";
			};
			name = Debug;
		};
		813B263C1FD1E97A009EC5A8 /* Release */ = {
			isa = XCBuildConfiguration;
			buildSettings = {
				ASSETCATALOG_COMPILER_APPICON_NAME = AppIcon;
				CODE_SIGN_STYLE = Automatic;
				INFOPLIST_FILE = NetworkReviewExercises/Info.plist;
				LD_RUNPATH_SEARCH_PATHS = "$(inherited) @executable_path/Frameworks";
				PRODUCT_BUNDLE_IDENTIFIER = nyc.c4q.AC4.3.NetworkReviewExercises;
				PRODUCT_NAME = "$(TARGET_NAME)";
				SWIFT_VERSION = 4.0;
				TARGETED_DEVICE_FAMILY = "1,2";
			};
			name = Release;
		};
		813B263E1FD1E97A009EC5A8 /* Debug */ = {
			isa = XCBuildConfiguration;
			buildSettings = {
				ALWAYS_EMBED_SWIFT_STANDARD_LIBRARIES = YES;
				BUNDLE_LOADER = "$(TEST_HOST)";
				CODE_SIGN_STYLE = Automatic;
				INFOPLIST_FILE = NetworkReviewExercisesTests/Info.plist;
				LD_RUNPATH_SEARCH_PATHS = "$(inherited) @executable_path/Frameworks @loader_path/Frameworks";
				PRODUCT_BUNDLE_IDENTIFIER = nyc.c4q.AC4.3.NetworkReviewExercisesTests;
				PRODUCT_NAME = "$(TARGET_NAME)";
				SWIFT_VERSION = 4.0;
				TARGETED_DEVICE_FAMILY = "1,2";
				TEST_HOST = "$(BUILT_PRODUCTS_DIR)/NetworkReviewExercises.app/NetworkReviewExercises";
			};
			name = Debug;
		};
		813B263F1FD1E97A009EC5A8 /* Release */ = {
			isa = XCBuildConfiguration;
			buildSettings = {
				ALWAYS_EMBED_SWIFT_STANDARD_LIBRARIES = YES;
				BUNDLE_LOADER = "$(TEST_HOST)";
				CODE_SIGN_STYLE = Automatic;
				INFOPLIST_FILE = NetworkReviewExercisesTests/Info.plist;
				LD_RUNPATH_SEARCH_PATHS = "$(inherited) @executable_path/Frameworks @loader_path/Frameworks";
				PRODUCT_BUNDLE_IDENTIFIER = nyc.c4q.AC4.3.NetworkReviewExercisesTests;
				PRODUCT_NAME = "$(TARGET_NAME)";
				SWIFT_VERSION = 4.0;
				TARGETED_DEVICE_FAMILY = "1,2";
				TEST_HOST = "$(BUILT_PRODUCTS_DIR)/NetworkReviewExercises.app/NetworkReviewExercises";
			};
			name = Release;
		};
		813B26411FD1E97A009EC5A8 /* Debug */ = {
			isa = XCBuildConfiguration;
			buildSettings = {
				ALWAYS_EMBED_SWIFT_STANDARD_LIBRARIES = YES;
				CODE_SIGN_STYLE = Automatic;
				INFOPLIST_FILE = NetworkReviewExercisesUITests/Info.plist;
				LD_RUNPATH_SEARCH_PATHS = "$(inherited) @executable_path/Frameworks @loader_path/Frameworks";
				PRODUCT_BUNDLE_IDENTIFIER = nyc.c4q.AC4.3.NetworkReviewExercisesUITests;
				PRODUCT_NAME = "$(TARGET_NAME)";
				SWIFT_VERSION = 4.0;
				TARGETED_DEVICE_FAMILY = "1,2";
				TEST_TARGET_NAME = NetworkReviewExercises;
			};
			name = Debug;
		};
		813B26421FD1E97A009EC5A8 /* Release */ = {
			isa = XCBuildConfiguration;
			buildSettings = {
				ALWAYS_EMBED_SWIFT_STANDARD_LIBRARIES = YES;
				CODE_SIGN_STYLE = Automatic;
				INFOPLIST_FILE = NetworkReviewExercisesUITests/Info.plist;
				LD_RUNPATH_SEARCH_PATHS = "$(inherited) @executable_path/Frameworks @loader_path/Frameworks";
				PRODUCT_BUNDLE_IDENTIFIER = nyc.c4q.AC4.3.NetworkReviewExercisesUITests;
				PRODUCT_NAME = "$(TARGET_NAME)";
				SWIFT_VERSION = 4.0;
				TARGETED_DEVICE_FAMILY = "1,2";
				TEST_TARGET_NAME = NetworkReviewExercises;
			};
			name = Release;
		};
/* End XCBuildConfiguration section */

/* Begin XCConfigurationList section */
		813B260D1FD1E97A009EC5A8 /* Build configuration list for PBXProject "NetworkReviewExercises" */ = {
			isa = XCConfigurationList;
			buildConfigurations = (
				813B26381FD1E97A009EC5A8 /* Debug */,
				813B26391FD1E97A009EC5A8 /* Release */,
			);
			defaultConfigurationIsVisible = 0;
			defaultConfigurationName = Release;
		};
		813B263A1FD1E97A009EC5A8 /* Build configuration list for PBXNativeTarget "NetworkReviewExercises" */ = {
			isa = XCConfigurationList;
			buildConfigurations = (
				813B263B1FD1E97A009EC5A8 /* Debug */,
				813B263C1FD1E97A009EC5A8 /* Release */,
			);
			defaultConfigurationIsVisible = 0;
			defaultConfigurationName = Release;
		};
		813B263D1FD1E97A009EC5A8 /* Build configuration list for PBXNativeTarget "NetworkReviewExercisesTests" */ = {
			isa = XCConfigurationList;
			buildConfigurations = (
				813B263E1FD1E97A009EC5A8 /* Debug */,
				813B263F1FD1E97A009EC5A8 /* Release */,
			);
			defaultConfigurationIsVisible = 0;
			defaultConfigurationName = Release;
		};
		813B26401FD1E97A009EC5A8 /* Build configuration list for PBXNativeTarget "NetworkReviewExercisesUITests" */ = {
			isa = XCConfigurationList;
			buildConfigurations = (
				813B26411FD1E97A009EC5A8 /* Debug */,
				813B26421FD1E97A009EC5A8 /* Release */,
			);
			defaultConfigurationIsVisible = 0;
			defaultConfigurationName = Release;
		};
/* End XCConfigurationList section */
	};
	rootObject = 813B260A1FD1E97A009EC5A8 /* Project object */;
}
